{
  "name": "PMO-data-explorer",
  "version": "1.0.0",
  "lockfileVersion": 1,
  "requires": true,
  "dependencies": {
    "bootstrap-sass": {
      "version": "3.4.1",
      "resolved": "https://registry.npmjs.org/bootstrap-sass/-/bootstrap-sass-3.4.1.tgz",
      "integrity": "sha512-p5rxsK/IyEDQm2CwiHxxUi0MZZtvVFbhWmyMOt4lLkA4bujDA1TGoKT0i1FKIWiugAdP+kK8T5KMDFIKQCLYIA=="
    },
    "chartist": {
      "version": "0.11.4",
      "resolved": "https://registry.npmjs.org/chartist/-/chartist-0.11.4.tgz",
      "integrity": "sha512-H4AimxaUD738/u9Mq8t27J4lh6STsLi4BQHt65nOtpLk3xyrBPaLiLMrHw7/WV9CmsjGA02WihjuL5qpSagLYw=="
    },
    "chartist-error-bars": {
      "version": "0.0.6",
      "resolved": "https://registry.npmjs.org/chartist-error-bars/-/chartist-error-bars-0.0.6.tgz",
      "integrity": "sha512-JnvT80ycjrXrg4rlBgo7pgEo01Q/2r6vRU1iadlms94OUK8Oo9Wzx/B/+RvaqtcW1c2K9gKop2YzvR3cybSIrw==",
      "requires": {
        "chartist": "^0.11.4"
      }
    },
    "chartist-plugin-tooltips": {
      "version": "0.0.17",
      "resolved": "https://registry.npmjs.org/chartist-plugin-tooltips/-/chartist-plugin-tooltips-0.0.17.tgz",
      "integrity": "sha1-/BqY6103cSNbbgjNHBjMlsIRBmA="
    },
    "magnific-popup": {
      "version": "1.1.0",
      "resolved": "https://registry.npmjs.org/magnific-popup/-/magnific-popup-1.1.0.tgz",
      "integrity": "sha1-PnNixb0Y9nhf6Z5Z0BPiCvM9MEk="
    }
  }
}
